
Microsoft Visual Studio Solution File, Format Version 12.00
# Visual Studio Version 16
VisualStudioVersion = 16.0.29418.71
MinimumVisualStudioVersion = 10.0.40219.1
Project("{9A19103F-16F7-4668-BE54-9A1E7A4F7556}") = "ItemsManagement.BusinessLogicLayer", "ItemsManagement.BusinessLogicLayer\ItemsManagement.BusinessLogicLayer.csproj", "{52DD237B-AD02-41B4-BFDD-1C4B1580E7FC}"
EndProject
Project("{9A19103F-16F7-4668-BE54-9A1E7A4F7556}") = "ItemsManagement.DataAccessLayer", "ItemsManagement.DataAccessLayer\ItemsManagement.DataAccessLayer.csproj", "{BFAA22DA-88FF-4897-82C8-ED36418E0201}"
EndProject
Project("{9A19103F-16F7-4668-BE54-9A1E7A4F7556}") = "ItemsManagement.PresentationLayer", "ItemsManagement.PresentationLayer\ItemsManagement.PresentationLayer.csproj", "{3446101F-37A9-48E5-8C78-CFF73C858C8E}"
EndProject
Global
	GlobalSection(SolutionConfigurationPlatforms) = preSolution
		Debug|Any CPU = Debug|Any CPU
		Release|Any CPU = Release|Any CPU
	EndGlobalSection
	GlobalSection(ProjectConfigurationPlatforms) = postSolution
		{52DD237B-AD02-41B4-BFDD-1C4B1580E7FC}.Debug|Any CPU.ActiveCfg = Debug|Any CPU
		{52DD237B-AD02-41B4-BFDD-1C4B1580E7FC}.Debug|Any CPU.Build.0 = Debug|Any CPU
		{52DD237B-AD02-41B4-BFDD-1C4B1580E7FC}.Release|Any CPU.ActiveCfg = Release|Any CPU
		{52DD237B-AD02-41B4-BFDD-1C4B1580E7FC}.Release|Any CPU.Build.0 = Release|Any CPU
		{BFAA22DA-88FF-4897-82C8-ED36418E0201}.Debug|Any CPU.ActiveCfg = Debug|Any CPU
		{BFAA22DA-88FF-4897-82C8-ED36418E0201}.Debug|Any CPU.Build.0 = Debug|Any CPU
		{BFAA22DA-88FF-4897-82C8-ED36418E0201}.Release|Any CPU.ActiveCfg = Release|Any CPU
		{BFAA22DA-88FF-4897-82C8-ED36418E0201}.Release|Any CPU.Build.0 = Release|Any CPU
		{3446101F-37A9-48E5-8C78-CFF73C858C8E}.Debug|Any CPU.ActiveCfg = Debug|Any CPU
		{3446101F-37A9-48E5-8C78-CFF73C858C8E}.Debug|Any CPU.Build.0 = Debug|Any CPU
		{3446101F-37A9-48E5-8C78-CFF73C858C8E}.Release|Any CPU.ActiveCfg = Release|Any CPU
		{3446101F-37A9-48E5-8C78-CFF73C858C8E}.Release|Any CPU.Build.0 = Release|Any CPU
	EndGlobalSection
	GlobalSection(SolutionProperties) = preSolution
		HideSolutionNode = FALSE
	EndGlobalSection
	GlobalSection(ExtensibilityGlobals) = postSolution
		SolutionGuid = {3BEF055A-EC60-4109-9A09-1B15F3CA3918}
	EndGlobalSection
EndGlobal
